
Microsoft Visual Studio Solution File, Format Version 12.00
# Visual Studio Version 17
VisualStudioVersion = 17.13.35828.75 d17.13
MinimumVisualStudioVersion = 10.0.40219.1
Project("{FAE04EC0-301F-11D3-BF4B-00C04F79EFBC}") = "SafCal", "SafCal.csproj", "{76093FB9-0D67-4ECE-8F4A-2F2419C0BA36}"
EndProject
Global
	GlobalSection(SolutionConfigurationPlatforms) = preSolution
		Debug|Any CPU = Debug|Any CPU
		Release|Any CPU = Release|Any CPU
	EndGlobalSection
	GlobalSection(ProjectConfigurationPlatforms) = postSolution
		{76093FB9-0D67-4ECE-8F4A-2F2419C0BA36}.Debug|Any CPU.ActiveCfg = Debug|Any CPU
		{76093FB9-0D67-4ECE-8F4A-2F2419C0BA36}.Debug|Any CPU.Build.0 = Debug|Any CPU
		{76093FB9-0D67-4ECE-8F4A-2F2419C0BA36}.Release|Any CPU.ActiveCfg = Release|Any CPU
		{76093FB9-0D67-4ECE-8F4A-2F2419C0BA36}.Release|Any CPU.Build.0 = Release|Any CPU
	EndGlobalSection
	GlobalSection(SolutionProperties) = preSolution
		HideSolutionNode = FALSE
	EndGlobalSection
	GlobalSection(ExtensibilityGlobals) = postSolution
		SolutionGuid = {60A98AC9-F484-4B73-B1E5-927589A97C11}
	EndGlobalSection
EndGlobal
